# THIS IS AN AUTOGENERATED FILE. DO NOT EDIT THIS FILE DIRECTLY.
# yarn lockfile v1


"@graphql-tools/batch-execute@^8.3.0":
  version "8.3.0"
  resolved "https://registry.yarnpkg.com/@graphql-tools/batch-execute/-/batch-execute-8.3.0.tgz#a8fabc5f5d6e9fa5b34bbc9cdc2f1809ee164f3f"
  integrity sha512-rv7lCH4T8hapJ9o1/aOhr64oEZhYaNRt8lzuEC3BlhzJc/szSt+/ry6mBNDjca6tjxJpMc82XLWAx9ppBLnyVA==
  dependencies:
    "@graphql-tools/utils" "^8.5.0"
    dataloader "2.0.0"
    tslib "~2.3.0"
    value-or-promise "1.0.11"

"@graphql-tools/delegate@^8.4.0":
  version "8.4.0"
  resolved "https://registry.yarnpkg.com/@graphql-tools/delegate/-/delegate-8.4.0.tgz#630c7e30b8b0f4039bc453082d6f77501488a9b6"
  integrity sha512-FtMN1+q6aNahg0AGCEndUpfdOZ6O7OnIsLTauMPEG/vrwoIlMb8tn+qBRlGrWWxyUPKBSD31T74EWM3Tq/bBaQ==
  dependencies:
    "@graphql-tools/batch-execute" "^8.3.0"
    "@graphql-tools/schema" "^8.3.0"
    "@graphql-tools/utils" "^8.5.0"
    dataloader "2.0.0"
    tslib "~2.3.0"
    value-or-promise "1.0.11"

"@graphql-tools/merge@^8.2.0":
  version "8.2.0"
  resolved "https://registry.yarnpkg.com/@graphql-tools/merge/-/merge-8.2.0.tgz#8f6638eeecf19f59fef28598024308e0452dd0a2"
  integrity sha512-nfMLYF7zczjnIbChZtqbvozRfuRweMD1Fe9HHd4RXd3Tcsj6E17srW0QJfxUoIIWh4pitj+XwZAwhj1PWBDU7g==
  dependencies:
    "@graphql-tools/utils" "^8.4.0"
    tslib "~2.3.0"

"@graphql-tools/schema@^8.3.0":
  version "8.3.0"
  resolved "https://registry.yarnpkg.com/@graphql-tools/schema/-/schema-8.3.0.tgz#ddf4297859c6d7ac1ebbbd91460260ed424115db"
  integrity sha512-OJD4Q1Xa3sffRiHzy0sskZz9ZWeqaujINfoim4CTk5Y9es1LS+WnKi25wVhmL2SGzzmKuAv7oDn+dpQAlM+Gfw==
  dependencies:
    "@graphql-tools/merge" "^8.2.0"
    "@graphql-tools/utils" "^8.4.0"
    tslib "~2.3.0"
    value-or-promise "1.0.11"

"@graphql-tools/utils@^8.4.0", "@graphql-tools/utils@^8.5.0":
  version "8.5.0"
  resolved "https://registry.yarnpkg.com/@graphql-tools/utils/-/utils-8.5.0.tgz#439487ac756d9458a33091e5e0435ddf8e794f3e"
  integrity sha512-jMwLm6YdN+Vbqntg5GHqDvGLpLa/xPSpRs/c40d0rBuel77wo7AaQ8jHeBSpp9y+7kp7HrGSWff1u7yJ7F8ppw==
  dependencies:
    tslib "~2.3.0"

dataloader@2.0.0:
  version "2.0.0"
  resolved "https://registry.yarnpkg.com/dataloader/-/dataloader-2.0.0.tgz#41eaf123db115987e21ca93c005cd7753c55fe6f"
  integrity sha512-YzhyDAwA4TaQIhM5go+vCLmU0UikghC/t9DTQYZR2M/UvZ1MdOhPezSDZcjj9uqQJOMqjLcpWtyW2iNINdlatQ==

graphql-middleware@^6.1.10:
  version "6.1.10"
  resolved "https://registry.yarnpkg.com/graphql-middleware/-/graphql-middleware-6.1.10.tgz#4d33bc838680541608aade4b57e0c792bf7197f4"
  integrity sha512-+vt0aODW9Mz1uZgdnsE3URT4IDUeLGsYYAgIK6jvtBFjBcKhQUWFL0Qjo4jYa/SLuUtrnDsef6nXseOXbye8CQ==
  dependencies:
    "@graphql-tools/delegate" "^8.4.0"
    "@graphql-tools/schema" "^8.3.0"

tslib@~2.3.0:
  version "2.3.1"
  resolved "https://registry.yarnpkg.com/tslib/-/tslib-2.3.1.tgz#e8a335add5ceae51aa261d32a490158ef042ef01"
  integrity sha512-77EbyPPpMz+FRFRuAFlWMtmgUWGe9UOG2Z25NqCwiIjRhOf5iKGuzSe5P2w1laq+FkRy4p+PCuVkJSGkzTEKVw==

typescript@^4.4.4:
  version "4.4.4"
  resolved "https://registry.yarnpkg.com/typescript/-/typescript-4.4.4.tgz#2cd01a1a1f160704d3101fd5a58ff0f9fcb8030c"
  integrity sha512-DqGhF5IKoBl8WNf8C1gu8q0xZSInh9j1kJJMqT3a94w1JzVaBU4EXOSMrz9yDqMT0xt3selp83fuFMQ0uzv6qA==

value-or-promise@1.0.11:
  version "1.0.11"
  resolved "https://registry.yarnpkg.com/value-or-promise/-/value-or-promise-1.0.11.tgz#3e90299af31dd014fe843fe309cefa7c1d94b140"
  integrity sha512-41BrgH+dIbCFXClcSapVs5M6GkENd3gQOJpEfPDNa71LsUGMXDL0jMWpI/Rh7WhX+Aalfz2TTS3Zt5pUsbnhLg==
